# THIS IS AN AUTOGENERATED FILE. DO NOT EDIT THIS FILE DIRECTLY.
# yarn lockfile v1


"@mapbox/polyline@^0.2.0":
  version "0.2.0"
  resolved "https://registry.yarnpkg.com/@mapbox/polyline/-/polyline-0.2.0.tgz#6e25980744aa22331f94b645a542c02d3fcfee97"
  integrity sha1-biWYB0SqIjMflLZFpULALT/P7pc=

"@types/node@^14.14.6":
  version "14.14.6"
  resolved "https://registry.yarnpkg.com/@types/node/-/node-14.14.6.tgz#146d3da57b3c636cc0d1769396ce1cfa8991147f"
  integrity sha512-6QlRuqsQ/Ox/aJEQWBEJG7A9+u7oSYl3mem/K8IzxXG/kAGbV1YPD9Bg9Zw3vyxC/YP+zONKwy8hGkSt1jxFMw==

base64-js@^1.3.1:
  version "1.3.1"
  resolved "https://registry.yarnpkg.com/base64-js/-/base64-js-1.3.1.tgz#58ece8cb75dd07e71ed08c736abc5fac4dbf8df1"
  integrity sha512-mLQ4i2QO1ytvGWFWmcngKO//JXAQueZvwEKtjgQFM4jIK0kU+ytMfplL8j+n5mspOfjHwoAg+9yhb7BwAHm36g==

buffer@^5.1.0:
  version "5.7.1"
  resolved "https://registry.yarnpkg.com/buffer/-/buffer-5.7.1.tgz#ba62e7c13133053582197160851a8f648e99eed0"
  integrity sha512-EHcyIPBQ4BSGlvjB16k5KgAJ27CIsHY/2JBmCRReo48y9rQ3MaUzWX3KVlBa4U7MyX02HdVj0K7C3WaB3ju7FQ==
  dependencies:
    base64-js "^1.3.1"
    ieee754 "^1.1.13"

fit-file-parser@backfit/backfit:
  version "1.8.4"
  resolved "https://codeload.github.com/backfit/backfit/tar.gz/2133f91b6c9e303bca41a3ee99a5fac845c584d2"
  dependencies:
    buffer "^5.1.0"

ieee754@^1.1.13:
  version "1.2.1"
  resolved "https://registry.yarnpkg.com/ieee754/-/ieee754-1.2.1.tgz#8eb7a10a63fff25d15a57b001586d177d1b0d352"
  integrity sha512-dcyqhDvX1C46lXZcVqCpK+FtMRQVdIMN6/Df5js2zouUsqG7I6sFxitIC+7KYK29KdXOLHdu9zL4sFnoVQnqaA==

"skyhawk-util-core@git+ssh://git@github.com/relivecc/skyhawk-util-core.git":
  version "0.0.0"
  resolved "git+ssh://git@github.com/relivecc/skyhawk-util-core.git#f6f37568d1295869afc63b9febe31eb46543f8f7"
  dependencies:
    "@mapbox/polyline" "^0.2.0"
    tslint-no-circular-imports "^0.5.0"
    typescript "^3.0.1"

tslint-no-circular-imports@^0.5.0:
  version "0.5.2"
  resolved "https://registry.yarnpkg.com/tslint-no-circular-imports/-/tslint-no-circular-imports-0.5.2.tgz#47ac9194ec531101ac19198d5144f7ac9f57d980"
  integrity sha512-Uzu2NiVX7b/kAk9vPrLqUmoCkth0dXUUNOaqwfxpvYgsHfoH67cmj0IHOUMZ1bC0swksJjaTyq7acHe/gU8H4A==

typescript@^3.0.1:
  version "3.9.7"
  resolved "https://registry.yarnpkg.com/typescript/-/typescript-3.9.7.tgz#98d600a5ebdc38f40cb277522f12dc800e9e25fa"
  integrity sha512-BLbiRkiBzAwsjut4x/dsibSTB6yWpwT5qWmC2OfuCg3GgVQCSgMs4vEctYPhsaGtd0AeuuHMkjZ2h2WG8MSzRw==

typescript@^4.0.5:
  version "4.0.5"
  resolved "https://registry.yarnpkg.com/typescript/-/typescript-4.0.5.tgz#ae9dddfd1069f1cb5beb3ef3b2170dd7c1332389"
  integrity sha512-ywmr/VrTVCmNTJ6iV2LwIrfG1P+lv6luD8sUJs+2eI9NLGigaN+nUQc13iHqisq7bra9lnmUSYqbJvegraBOPQ==
